
Microsoft Visual Studio Solution File, Format Version 12.00
# Visual Studio 2013
VisualStudioVersion = 12.0.31101.0
MinimumVisualStudioVersion = 10.0.40219.1
Project("{FAE04EC0-301F-11D3-BF4B-00C04F79EFBC}") = "01. Permutations", "01. Permutations\01. Permutations.csproj", "{1BE09C04-D785-4F50-B171-9DAD170172F4}"
EndProject
Project("{FAE04EC0-301F-11D3-BF4B-00C04F79EFBC}") = "02. Permutations With Iteration", "02. Permutations With Iteration\02. Permutations With Iteration.csproj", "{65332E26-1E3C-4AF1-BB0A-1C2D59E69365}"
EndProject
Global
	GlobalSection(SolutionConfigurationPlatforms) = preSolution
		Debug|Any CPU = Debug|Any CPU
		Release|Any CPU = Release|Any CPU
	EndGlobalSection
	GlobalSection(ProjectConfigurationPlatforms) = postSolution
		{1BE09C04-D785-4F50-B171-9DAD170172F4}.Debug|Any CPU.ActiveCfg = Debug|Any CPU
		{1BE09C04-D785-4F50-B171-9DAD170172F4}.Debug|Any CPU.Build.0 = Debug|Any CPU
		{1BE09C04-D785-4F50-B171-9DAD170172F4}.Release|Any CPU.ActiveCfg = Release|Any CPU
		{1BE09C04-D785-4F50-B171-9DAD170172F4}.Release|Any CPU.Build.0 = Release|Any CPU
		{65332E26-1E3C-4AF1-BB0A-1C2D59E69365}.Debug|Any CPU.ActiveCfg = Debug|Any CPU
		{65332E26-1E3C-4AF1-BB0A-1C2D59E69365}.Debug|Any CPU.Build.0 = Debug|Any CPU
		{65332E26-1E3C-4AF1-BB0A-1C2D59E69365}.Release|Any CPU.ActiveCfg = Release|Any CPU
		{65332E26-1E3C-4AF1-BB0A-1C2D59E69365}.Release|Any CPU.Build.0 = Release|Any CPU
	EndGlobalSection
	GlobalSection(SolutionProperties) = preSolution
		HideSolutionNode = FALSE
	EndGlobalSection
EndGlobal
